
Microsoft Visual Studio Solution File, Format Version 12.00
# Visual Studio 15
VisualStudioVersion = 15.0.26124.0
MinimumVisualStudioVersion = 15.0.26124.0
Project("{FAE04EC0-301F-11D3-BF4B-00C04F79EFBC}") = "iddevtest", "iddevtest.app\iddevtest.csproj", "{BD040E06-5F1A-4C07-B233-E378117872EF}"
EndProject
Project("{FAE04EC0-301F-11D3-BF4B-00C04F79EFBC}") = "iddevtest.tests", "iddevtest.tests\iddevtest.tests.csproj", "{E29C5EA4-89C4-404D-9BD9-84DBF85909A0}"
EndProject
Global
	GlobalSection(SolutionConfigurationPlatforms) = preSolution
		Debug|Any CPU = Debug|Any CPU
		Debug|x64 = Debug|x64
		Debug|x86 = Debug|x86
		Release|Any CPU = Release|Any CPU
		Release|x64 = Release|x64
		Release|x86 = Release|x86
	EndGlobalSection
	GlobalSection(SolutionProperties) = preSolution
		HideSolutionNode = FALSE
	EndGlobalSection
	GlobalSection(ProjectConfigurationPlatforms) = postSolution
		{BD040E06-5F1A-4C07-B233-E378117872EF}.Debug|Any CPU.ActiveCfg = Debug|Any CPU
		{BD040E06-5F1A-4C07-B233-E378117872EF}.Debug|Any CPU.Build.0 = Debug|Any CPU
		{BD040E06-5F1A-4C07-B233-E378117872EF}.Debug|x64.ActiveCfg = Debug|Any CPU
		{BD040E06-5F1A-4C07-B233-E378117872EF}.Debug|x64.Build.0 = Debug|Any CPU
		{BD040E06-5F1A-4C07-B233-E378117872EF}.Debug|x86.ActiveCfg = Debug|Any CPU
		{BD040E06-5F1A-4C07-B233-E378117872EF}.Debug|x86.Build.0 = Debug|Any CPU
		{BD040E06-5F1A-4C07-B233-E378117872EF}.Release|Any CPU.ActiveCfg = Release|Any CPU
		{BD040E06-5F1A-4C07-B233-E378117872EF}.Release|Any CPU.Build.0 = Release|Any CPU
		{BD040E06-5F1A-4C07-B233-E378117872EF}.Release|x64.ActiveCfg = Release|Any CPU
		{BD040E06-5F1A-4C07-B233-E378117872EF}.Release|x64.Build.0 = Release|Any CPU
		{BD040E06-5F1A-4C07-B233-E378117872EF}.Release|x86.ActiveCfg = Release|Any CPU
		{BD040E06-5F1A-4C07-B233-E378117872EF}.Release|x86.Build.0 = Release|Any CPU
		{E29C5EA4-89C4-404D-9BD9-84DBF85909A0}.Debug|Any CPU.ActiveCfg = Debug|Any CPU
		{E29C5EA4-89C4-404D-9BD9-84DBF85909A0}.Debug|Any CPU.Build.0 = Debug|Any CPU
		{E29C5EA4-89C4-404D-9BD9-84DBF85909A0}.Debug|x64.ActiveCfg = Debug|Any CPU
		{E29C5EA4-89C4-404D-9BD9-84DBF85909A0}.Debug|x64.Build.0 = Debug|Any CPU
		{E29C5EA4-89C4-404D-9BD9-84DBF85909A0}.Debug|x86.ActiveCfg = Debug|Any CPU
		{E29C5EA4-89C4-404D-9BD9-84DBF85909A0}.Debug|x86.Build.0 = Debug|Any CPU
		{E29C5EA4-89C4-404D-9BD9-84DBF85909A0}.Release|Any CPU.ActiveCfg = Release|Any CPU
		{E29C5EA4-89C4-404D-9BD9-84DBF85909A0}.Release|Any CPU.Build.0 = Release|Any CPU
		{E29C5EA4-89C4-404D-9BD9-84DBF85909A0}.Release|x64.ActiveCfg = Release|Any CPU
		{E29C5EA4-89C4-404D-9BD9-84DBF85909A0}.Release|x64.Build.0 = Release|Any CPU
		{E29C5EA4-89C4-404D-9BD9-84DBF85909A0}.Release|x86.ActiveCfg = Release|Any CPU
		{E29C5EA4-89C4-404D-9BD9-84DBF85909A0}.Release|x86.Build.0 = Release|Any CPU
	EndGlobalSection
EndGlobal
